[[package]]
name = "atomicwrites"
version = "1.4.0"
description = "Atomic file writes."
category = "dev"
optional = false
python-versions = ">=2.7, !=3.0.*, !=3.1.*, !=3.2.*, !=3.3.*"

[[package]]
name = "attrs"
version = "20.2.0"
description = "Classes Without Boilerplate"
category = "dev"
optional = false
python-versions = ">=2.7, !=3.0.*, !=3.1.*, !=3.2.*, !=3.3.*"

[package.extras]
dev = ["coverage[toml] (>=5.0.2)", "hypothesis", "pympler", "pytest (>=4.3.0)", "six", "zope.interface", "sphinx", "sphinx-rtd-theme", "pre-commit"]
docs = ["sphinx", "sphinx-rtd-theme", "zope.interface"]
tests = ["coverage[toml] (>=5.0.2)", "hypothesis", "pympler", "pytest (>=4.3.0)", "six", "zope.interface"]
tests_no_zope = ["coverage[toml] (>=5.0.2)", "hypothesis", "pympler", "pytest (>=4.3.0)", "six"]

[[package]]
name = "click"
version = "7.1.2"
description = "Composable command line interface toolkit"
category = "main"
optional = false
python-versions = ">=2.7, !=3.0.*, !=3.1.*, !=3.2.*, !=3.3.*, !=3.4.*"

[[package]]
name = "colorama"
version = "0.4.4"
description = "Cross-platform colored terminal text."
category = "dev"
optional = false
python-versions = ">=2.7, !=3.0.*, !=3.1.*, !=3.2.*, !=3.3.*, !=3.4.*"

[[package]]
name = "fastapi"
version = "0.61.1"
description = "FastAPI framework, high performance, easy to learn, fast to code, ready for production"
category = "main"
optional = false
python-versions = ">=3.6"

[package.dependencies]
pydantic = ">=1.0.0,<2.0.0"
starlette = "0.13.6"

[package.extras]
all = ["requests (>=2.24.0,<3.0.0)", "aiofiles (>=0.5.0,<0.6.0)", "jinja2 (>=2.11.2,<3.0.0)", "python-multipart (>=0.0.5,<0.0.6)", "itsdangerous (>=1.1.0,<2.0.0)", "pyyaml (>=5.3.1,<6.0.0)", "graphene (>=2.1.8,<3.0.0)", "ujson (>=3.0.0,<4.0.0)", "orjson (>=3.2.1,<4.0.0)", "email_validator (>=1.1.1,<2.0.0)", "uvicorn (>=0.11.5,<0.12.0)", "async_exit_stack (>=1.0.1,<2.0.0)", "async_generator (>=1.10,<2.0.0)"]
dev = ["python-jose[cryptography] (>=3.1.0,<4.0.0)", "passlib[bcrypt] (>=1.7.2,<2.0.0)", "autoflake (>=1.3.1,<2.0.0)", "flake8 (>=3.8.3,<4.0.0)", "uvicorn (>=0.11.5,<0.12.0)", "graphene (>=2.1.8,<3.0.0)"]
doc = ["mkdocs (>=1.1.2,<2.0.0)", "mkdocs-material (>=5.5.0,<6.0.0)", "markdown-include (>=0.5.1,<0.6.0)", "mkdocs-markdownextradata-plugin (>=0.1.7,<0.2.0)", "typer (>=0.3.0,<0.4.0)", "typer-cli (>=0.0.9,<0.0.10)", "pyyaml (>=5.3.1,<6.0.0)"]
test = ["pytest (==5.4.3)", "pytest-cov (==2.10.0)", "pytest-asyncio (>=0.14.0,<0.15.0)", "mypy (==0.782)", "flake8 (>=3.8.3,<4.0.0)", "black (==19.10b0)", "isort (>=5.0.6,<6.0.0)", "requests (>=2.24.0,<3.0.0)", "httpx (>=0.14.0,<0.15.0)", "email_validator (>=1.1.1,<2.0.0)", "sqlalchemy (>=1.3.18,<2.0.0)", "peewee (>=3.13.3,<4.0.0)", "databases[sqlite] (>=0.3.2,<0.4.0)", "orjson (>=3.2.1,<4.0.0)", "async_exit_stack (>=1.0.1,<2.0.0)", "async_generator (>=1.10,<2.0.0)", "python-multipart (>=0.0.5,<0.0.6)", "aiofiles (>=0.5.0,<0.6.0)", "flask (>=1.1.2,<2.0.0)"]

[[package]]
name = "fastapi-versioning"
version = "0.5.0"
description = "api versioning for fastapi web applications"
category = "main"
optional = false
python-versions = ">=3.7"

[[package]]
name = "h11"
version = "0.11.0"
description = "A pure-Python, bring-your-own-I/O implementation of HTTP/1.1"
category = "main"
optional = false
python-versions = "*"

[[package]]
name = "iniconfig"
version = "1.1.1"
description = "iniconfig: brain-dead simple config-ini parsing"
category = "dev"
optional = false
python-versions = "*"

[[package]]
name = "motor"
version = "2.3.0"
description = "Non-blocking MongoDB driver for Tornado or asyncio"
category = "main"
optional = false
python-versions = ">=3.5.2"

[package.dependencies]
pymongo = ">=3.11,<4"

[[package]]
name = "odmantic"
version = "0.3.2"
description = "ODMantic, an AsyncIO MongoDB Object Document Mapper for Python using type hints "
category = "main"
optional = false
python-versions = ">=3.6,<4.0"

[package.dependencies]
motor = ">=2.1.0,<2.4.0"
pydantic = ">=1.6.0,<1.8.0"

[package.extras]
fastapi = ["fastapi (>=0.61.1,<0.63.0)"]

[[package]]
name = "orjson"
version = "3.4.1"
description = "Fast, correct Python JSON library supporting dataclasses, datetimes, and numpy"
category = "main"
optional = false
python-versions = ">=3.6"

[[package]]
name = "packaging"
version = "20.4"
description = "Core utilities for Python packages"
category = "dev"
optional = false
python-versions = ">=2.7, !=3.0.*, !=3.1.*, !=3.2.*, !=3.3.*"

[package.dependencies]
pyparsing = ">=2.0.2"
six = "*"

[[package]]
name = "pluggy"
version = "0.13.1"
description = "plugin and hook calling mechanisms for python"
category = "dev"
optional = false
python-versions = ">=2.7, !=3.0.*, !=3.1.*, !=3.2.*, !=3.3.*"

[package.extras]
dev = ["pre-commit", "tox"]

[[package]]
name = "py"
version = "1.9.0"
description = "library with cross-python path, ini-parsing, io, code, log facilities"
category = "dev"
optional = false
python-versions = ">=2.7, !=3.0.*, !=3.1.*, !=3.2.*, !=3.3.*"

[[package]]
name = "pydantic"
version = "1.6.1"
description = "Data validation and settings management using python 3.6 type hinting"
category = "main"
optional = false
python-versions = ">=3.6"

[package.extras]
dotenv = ["python-dotenv (>=0.10.4)"]
email = ["email-validator (>=1.0.3)"]
typing_extensions = ["typing-extensions (>=3.7.2)"]

[[package]]
name = "pymongo"
version = "3.11.2"
description = "Python driver for MongoDB <http://www.mongodb.org>"
category = "main"
optional = false
python-versions = "*"

[package.extras]
aws = ["pymongo-auth-aws (<2.0.0)"]
encryption = ["pymongocrypt (<2.0.0)"]
gssapi = ["pykerberos"]
ocsp = ["pyopenssl (>=17.2.0)", "requests (<3.0.0)", "service-identity (>=18.1.0)"]
snappy = ["python-snappy"]
srv = ["dnspython (>=1.16.0,<1.17.0)"]
tls = ["ipaddress"]
zstd = ["zstandard"]

[[package]]
name = "pyparsing"
version = "2.4.7"
description = "Python parsing module"
category = "dev"
optional = false
python-versions = ">=2.6, !=3.0.*, !=3.1.*, !=3.2.*"

[[package]]
name = "pytest"
version = "6.1.1"
description = "pytest: simple powerful testing with Python"
category = "dev"
optional = false
python-versions = ">=3.5"

[package.dependencies]
atomicwrites = {version = ">=1.0", markers = "sys_platform == \"win32\""}
attrs = ">=17.4.0"
colorama = {version = "*", markers = "sys_platform == \"win32\""}
iniconfig = "*"
packaging = "*"
pluggy = ">=0.12,<1.0"
py = ">=1.8.2"
toml = "*"

[package.extras]
checkqa_mypy = ["mypy (==0.780)"]
testing = ["argcomplete", "hypothesis (>=3.56)", "mock", "nose", "requests", "xmlschema"]

[[package]]
name = "six"
version = "1.15.0"
description = "Python 2 and 3 compatibility utilities"
category = "dev"
optional = false
python-versions = ">=2.7, !=3.0.*, !=3.1.*, !=3.2.*"

[[package]]
name = "starlette"
version = "0.13.6"
description = "The little ASGI library that shines."
category = "main"
optional = false
python-versions = ">=3.6"

[package.extras]
full = ["aiofiles", "graphene", "itsdangerous", "jinja2", "python-multipart", "pyyaml", "requests", "ujson"]

[[package]]
name = "toml"
version = "0.10.1"
description = "Python Library for Tom's Obvious, Minimal Language"
category = "dev"
optional = false
python-versions = "*"

[[package]]
name = "uvicorn"
version = "0.12.2"
description = "The lightning-fast ASGI server."
category = "main"
optional = false
python-versions = "*"

[package.dependencies]
click = ">=7.0.0,<8.0.0"
h11 = ">=0.8"

[package.extras]
standard = ["websockets (>=8.0.0,<9.0.0)", "watchgod (>=0.6,<0.7)", "python-dotenv (>=0.13)", "PyYAML (>=5.1)", "httptools (>=0.1.0,<0.2.0)", "uvloop (>=0.14.0)", "colorama (>=0.4)"]

[metadata]
lock-version = "1.1"
python-versions = "^3.8"
content-hash = "c2693b0df68933a27484e4c4cf873d6dc79dc068b118fa117e7b7b7e69d41d4c"

[metadata.files]
atomicwrites = [
    {file = "atomicwrites-1.4.0-py2.py3-none-any.whl", hash = "sha256:6d1784dea7c0c8d4a5172b6c620f40b6e4cbfdf96d783691f2e1302a7b88e197"},
    {file = "atomicwrites-1.4.0.tar.gz", hash = "sha256:ae70396ad1a434f9c7046fd2dd196fc04b12f9e91ffb859164193be8b6168a7a"},
]
attrs = [
    {file = "attrs-20.2.0-py2.py3-none-any.whl", hash = "sha256:fce7fc47dfc976152e82d53ff92fa0407700c21acd20886a13777a0d20e655dc"},
    {file = "attrs-20.2.0.tar.gz", hash = "sha256:26b54ddbbb9ee1d34d5d3668dd37d6cf74990ab23c828c2888dccdceee395594"},
]
click = [
    {file = "click-7.1.2-py2.py3-none-any.whl", hash = "sha256:dacca89f4bfadd5de3d7489b7c8a566eee0d3676333fbb50030263894c38c0dc"},
    {file = "click-7.1.2.tar.gz", hash = "sha256:d2b5255c7c6349bc1bd1e59e08cd12acbbd63ce649f2588755783aa94dfb6b1a"},
]
colorama = [
    {file = "colorama-0.4.4-py2.py3-none-any.whl", hash = "sha256:9f47eda37229f68eee03b24b9748937c7dc3868f906e8ba69fbcbdd3bc5dc3e2"},
    {file = "colorama-0.4.4.tar.gz", hash = "sha256:5941b2b48a20143d2267e95b1c2a7603ce057ee39fd88e7329b0c292aa16869b"},
]
fastapi = [
    {file = "fastapi-0.61.1-py3-none-any.whl", hash = "sha256:6cc31bb555dd8ca956d1d227477d661e4ac012337242a41d36214ffbda78bfe9"},
    {file = "fastapi-0.61.1.tar.gz", hash = "sha256:61ed73b4304413a2ea618d1b95ea866ee386e0e62dd8659c4f5059286f4a39c2"},
]
fastapi-versioning = [
    {file = "fastapi_versioning-0.5.0-py3-none-any.whl", hash = "sha256:9121612b31cff4cdf7c8e91eea011c3f1284b96b5bf287be796e37d186e42e43"},
    {file = "fastapi_versioning-0.5.0.tar.gz", hash = "sha256:194b11d4920699d01996140a8ca04e76c0c0c35dadaa9ac59ce4546da61c59a6"},
]
h11 = [
    {file = "h11-0.11.0-py2.py3-none-any.whl", hash = "sha256:ab6c335e1b6ef34b205d5ca3e228c9299cc7218b049819ec84a388c2525e5d87"},
    {file = "h11-0.11.0.tar.gz", hash = "sha256:3c6c61d69c6f13d41f1b80ab0322f1872702a3ba26e12aa864c928f6a43fbaab"},
]
iniconfig = [
    {file = "iniconfig-1.1.1-py2.py3-none-any.whl", hash = "sha256:011e24c64b7f47f6ebd835bb12a743f2fbe9a26d4cecaa7f53bc4f35ee9da8b3"},
    {file = "iniconfig-1.1.1.tar.gz", hash = "sha256:bc3af051d7d14b2ee5ef9969666def0cd1a000e121eaea580d4a313df4b37f32"},
]
motor = [
    {file = "motor-2.3.0-py3-none-any.whl", hash = "sha256:428d94750123d19fcd0a89b8671ff9b4656f205217bad9f44161748c64c5fc80"},
    {file = "motor-2.3.0.tar.gz", hash = "sha256:f1692b760d834707e3477996ce8d407af8cd61c1a2abedbf81c22ef14675e61a"},
]
odmantic = [
    {file = "ODMantic-0.3.2-py3-none-any.whl", hash = "sha256:a2f7389f4a4981ccd14b0161dc41bf51216102359d750a1b2612bb4475c13bad"},
    {file = "ODMantic-0.3.2.tar.gz", hash = "sha256:6a6e3652ca0136b3db5d81d68e5b691c8cab1985e0a897425209028287597fef"},
]
orjson = [
    {file = "orjson-3.4.1-cp36-cp36m-macosx_10_7_x86_64.whl", hash = "sha256:ff81628157caaef0a395c860c66233d3352e9c698dfe051f37aa1f08be6895f6"},
    {file = "orjson-3.4.1-cp36-cp36m-manylinux2014_aarch64.whl", hash = "sha256:581a952ccadc0743a283c8efc48fb355966c6983ed0828dfd37935b070558850"},
    {file = "orjson-3.4.1-cp36-cp36m-manylinux2014_x86_64.whl", hash = "sha256:587e0421eaa11b4c44ab40e07d4e94cac8af1b48979c7f424aad6fa0302316da"},
    {file = "orjson-3.4.1-cp36-none-win_amd64.whl", hash = "sha256:41fc15e893947564ff3b3c58dae1a56becd696582e81b0f7626956e8b614bacd"},
    {file = "orjson-3.4.1-cp37-cp37m-macosx_10_7_x86_64.whl", hash = "sha256:4b3276b3bf0d78b7dc928045ca6343e8dcc71482138f9b50278882347094ee53"},
    {file = "orjson-3.4.1-cp37-cp37m-manylinux2014_aarch64.whl", hash = "sha256:09f232f527a64b402c3f859fd5260794d8371e182526d01042fa5c8d2428fa21"},
    {file = "orjson-3.4.1-cp37-cp37m-manylinux2014_x86_64.whl", hash = "sha256:20202bfffb234a4e28f5107756dbcbef077ac69ce94dda2ee4e2bb5acee36a73"},
    {file = "orjson-3.4.1-cp37-none-win_amd64.whl", hash = "sha256:2da9eba59520498260931f0ac1bff3a6dc6e646585b5f3bf7e642112ad372fa1"},
    {file = "orjson-3.4.1-cp38-cp38-macosx_10_7_x86_64.whl", hash = "sha256:7f971e8b108b9720e98530704f61632fa50906622b233433e1852059fd6b4614"},
    {file = "orjson-3.4.1-cp38-cp38-manylinux2014_aarch64.whl", hash = "sha256:efc33a011509b6506e0047abac9fbcb4632d376b2eeb0e9d30475f296ab744cc"},
    {file = "orjson-3.4.1-cp38-cp38-manylinux2014_x86_64.whl", hash = "sha256:32489503bbe7d82157026fdbc609e52288f86c95846caebefdaf2210c178079c"},
    {file = "orjson-3.4.1-cp38-none-win_amd64.whl", hash = "sha256:bf3cd6241290147946f4399f69f1f1619ee0e7503c28a65998e5e19685a1f130"},
    {file = "orjson-3.4.1-cp39-cp39-macosx_10_7_x86_64.whl", hash = "sha256:5718f3ef1d3b6def54773efb94319dc4d99ed77589ea347d65ff7c849bd4430a"},
    {file = "orjson-3.4.1-cp39-cp39-manylinux2014_aarch64.whl", hash = "sha256:6b4919b9da3c8bd818c8390711c4fcb7606a7bdf80c91f8c7c3bfce9964d799b"},
    {file = "orjson-3.4.1-cp39-cp39-manylinux2014_x86_64.whl", hash = "sha256:c13be84eae91ea83b2907617a5c90441ac894fb2f494dd17e11880484c9d1273"},
    {file = "orjson-3.4.1.tar.gz", hash = "sha256:f7f78cf3dc15983a6fa26673611eeded452a0aa1e712993e6d4ceac53ddf69bc"},
]
packaging = [
    {file = "packaging-20.4-py2.py3-none-any.whl", hash = "sha256:998416ba6962ae7fbd6596850b80e17859a5753ba17c32284f67bfff33784181"},
    {file = "packaging-20.4.tar.gz", hash = "sha256:4357f74f47b9c12db93624a82154e9b120fa8293699949152b22065d556079f8"},
]
pluggy = [
    {file = "pluggy-0.13.1-py2.py3-none-any.whl", hash = "sha256:966c145cd83c96502c3c3868f50408687b38434af77734af1e9ca461a4081d2d"},
    {file = "pluggy-0.13.1.tar.gz", hash = "sha256:15b2acde666561e1298d71b523007ed7364de07029219b604cf808bfa1c765b0"},
]
py = [
    {file = "py-1.9.0-py2.py3-none-any.whl", hash = "sha256:366389d1db726cd2fcfc79732e75410e5fe4d31db13692115529d34069a043c2"},
    {file = "py-1.9.0.tar.gz", hash = "sha256:9ca6883ce56b4e8da7e79ac18787889fa5206c79dcc67fb065376cd2fe03f342"},
]
pydantic = [
    {file = "pydantic-1.6.1-cp36-cp36m-macosx_10_9_x86_64.whl", hash = "sha256:418b84654b60e44c0cdd5384294b0e4bc1ebf42d6e873819424f3b78b8690614"},
    {file = "pydantic-1.6.1-cp36-cp36m-manylinux1_i686.whl", hash = "sha256:4900b8820b687c9a3ed753684337979574df20e6ebe4227381d04b3c3c628f99"},
    {file = "pydantic-1.6.1-cp36-cp36m-manylinux2014_i686.whl", hash = "sha256:b49c86aecde15cde33835d5d6360e55f5e0067bb7143a8303bf03b872935c75b"},
    {file = "pydantic-1.6.1-cp36-cp36m-manylinux2014_x86_64.whl", hash = "sha256:2de562a456c4ecdc80cf1a8c3e70c666625f7d02d89a6174ecf63754c734592e"},
    {file = "pydantic-1.6.1-cp36-cp36m-win_amd64.whl", hash = "sha256:f769141ab0abfadf3305d4fcf36660e5cf568a666dd3efab7c3d4782f70946b1"},
    {file = "pydantic-1.6.1-cp37-cp37m-macosx_10_9_x86_64.whl", hash = "sha256:2dc946b07cf24bee4737ced0ae77e2ea6bc97489ba5a035b603bd1b40ad81f7e"},
    {file = "pydantic-1.6.1-cp37-cp37m-manylinux1_i686.whl", hash = "sha256:36dbf6f1be212ab37b5fda07667461a9219c956181aa5570a00edfb0acdfe4a1"},
    {file = "pydantic-1.6.1-cp37-cp37m-manylinux2014_i686.whl", hash = "sha256:1783c1d927f9e1366e0e0609ae324039b2479a1a282a98ed6a6836c9ed02002c"},
    {file = "pydantic-1.6.1-cp37-cp37m-manylinux2014_x86_64.whl", hash = "sha256:cf3933c98cb5e808b62fae509f74f209730b180b1e3c3954ee3f7949e083a7df"},
    {file = "pydantic-1.6.1-cp37-cp37m-win_amd64.whl", hash = "sha256:f8af9b840a9074e08c0e6dc93101de84ba95df89b267bf7151d74c553d66833b"},
    {file = "pydantic-1.6.1-cp38-cp38-macosx_10_9_x86_64.whl", hash = "sha256:40d765fa2d31d5be8e29c1794657ad46f5ee583a565c83cea56630d3ae5878b9"},
    {file = "pydantic-1.6.1-cp38-cp38-manylinux1_i686.whl", hash = "sha256:3fa799f3cfff3e5f536cbd389368fc96a44bb30308f258c94ee76b73bd60531d"},
    {file = "pydantic-1.6.1-cp38-cp38-manylinux2014_i686.whl", hash = "sha256:6c3f162ba175678218629f446a947e3356415b6b09122dcb364e58c442c645a7"},
    {file = "pydantic-1.6.1-cp38-cp38-manylinux2014_x86_64.whl", hash = "sha256:eb75dc1809875d5738df14b6566ccf9fd9c0bcde4f36b72870f318f16b9f5c20"},
    {file = "pydantic-1.6.1-cp38-cp38-win_amd64.whl", hash = "sha256:530d7222a2786a97bc59ee0e0ebbe23728f82974b1f1ad9a11cd966143410633"},
    {file = "pydantic-1.6.1-py36.py37.py38-none-any.whl", hash = "sha256:b5b3489cb303d0f41ad4a7390cf606a5f2c7a94dcba20c051cd1c653694cb14d"},
    {file = "pydantic-1.6.1.tar.gz", hash = "sha256:54122a8ed6b75fe1dd80797f8251ad2063ea348a03b77218d73ea9fe19bd4e73"},
]
pymongo = [
    {file = "pymongo-3.11.2-cp27-cp27m-macosx_10_14_intel.whl", hash = "sha256:9be785bd4e1ba0148fb00ca84e4dbfbd1c74df3af3a648559adc60b0782f34de"},
    {file = "pymongo-3.11.2-cp27-cp27m-manylinux1_i686.whl", hash = "sha256:646d4d30c5aa7c0ddbfe9b990f0f77a88621024a21ad0b792bd9d58caa9611f0"},
    {file = "pymongo-3.11.2-cp27-cp27m-manylinux1_x86_64.whl", hash = "sha256:8d669c720891781e7c82d412cad39f9730ef277e3957b48a3344dae47d3caa03"},
    {file = "pymongo-3.11.2-cp27-cp27m-win32.whl", hash = "sha256:ce53c00be204ec4428d3c1f3c478ae89d388efec575544c27f57b61e9fa4a7f2"},
    {file = "pymongo-3.11.2-cp27-cp27m-win_amd64.whl", hash = "sha256:82d5ded5834b6c92380847860eb28dcaf20b847a27cee5811c4aaceef87fd280"},
    {file = "pymongo-3.11.2-cp27-cp27mu-manylinux1_i686.whl", hash = "sha256:fcc66d17a3363b7bd6d2655de8706e25a3cd1be2bd1b8e8d8a5c504a6ef893ae"},
    {file = "pymongo-3.11.2-cp27-cp27mu-manylinux1_x86_64.whl", hash = "sha256:b875bb4b438931dce550e170bfb558597189b8d0160f4ac60f14a21955161699"},
    {file = "pymongo-3.11.2-cp34-cp34m-macosx_10_6_intel.whl", hash = "sha256:6700e251c6396cc05d7460dc05ef8e19e60a7b53b62c007725b48e123aaa2b1c"},
    {file = "pymongo-3.11.2-cp34-cp34m-manylinux1_i686.whl", hash = "sha256:c046e09e886f4539f8626afba17fa8f2e6552731f9384e2827154e3e3b7fda4e"},
    {file = "pymongo-3.11.2-cp34-cp34m-manylinux1_x86_64.whl", hash = "sha256:4942a5659ae927bb764a123a6409870ca5dd572d83b3bfb71412c9a191bbf792"},
    {file = "pymongo-3.11.2-cp34-cp34m-win32.whl", hash = "sha256:422069f2cebf58c9dd9e8040b4768f7be4f228c95bc4505e8fa8e7b4f7191ad8"},
    {file = "pymongo-3.11.2-cp34-cp34m-win_amd64.whl", hash = "sha256:44376a657717de8847d5d71a9305f3595c7e78c91ac77edbb87058d12ede87a6"},
    {file = "pymongo-3.11.2-cp35-cp35m-macosx_10_6_intel.whl", hash = "sha256:36b9b98a39565a8f33803c81569442b35e749a72fb1aa7d0bcdb1a33052f8bcc"},
    {file = "pymongo-3.11.2-cp35-cp35m-manylinux1_i686.whl", hash = "sha256:a118a1df7280ffab7fe0f3eab325868339ff1c4d5b8e0750db0f0a796da8f849"},
    {file = "pymongo-3.11.2-cp35-cp35m-manylinux1_x86_64.whl", hash = "sha256:c812b6e53344e92f10f12235219fb769c491a4a87a02c9c3f93fe632e493bda8"},
    {file = "pymongo-3.11.2-cp35-cp35m-manylinux2014_aarch64.whl", hash = "sha256:cc421babc687dc52ce0fc19787b2404518ca749d9db59576100946ff886f38ed"},
    {file = "pymongo-3.11.2-cp35-cp35m-manylinux2014_i686.whl", hash = "sha256:6aac7e0e8de92f11a410eb68c24a2decbac6f094e82fd95d22546d0168e7a18b"},
    {file = "pymongo-3.11.2-cp35-cp35m-manylinux2014_ppc64le.whl", hash = "sha256:c6cf288c9e03195d8e12b72a6388b32f18a5e9c2545622417a963e428e1fe496"},
    {file = "pymongo-3.11.2-cp35-cp35m-manylinux2014_s390x.whl", hash = "sha256:5980509801cbd2942df31714d055d89863684b4de26829c349362e610a48694e"},
    {file = "pymongo-3.11.2-cp35-cp35m-manylinux2014_x86_64.whl", hash = "sha256:264843ce2af0640994a4331148ef5312989bc004678c457460758766c9b4decc"},
    {file = "pymongo-3.11.2-cp35-cp35m-win32.whl", hash = "sha256:ef18aa15b1aa18c42933deed5233b3284186e9ed85c25d2704ceff5099a3964c"},
    {file = "pymongo-3.11.2-cp35-cp35m-win_amd64.whl", hash = "sha256:019ddf7ced8e42cc6c8c608927c799be8097237596c94ffe551f6ef70e55237e"},
    {file = "pymongo-3.11.2-cp36-cp36m-macosx_10_6_intel.whl", hash = "sha256:96c6aef7ffb0d37206c0342abb82d874fa8cdc344267277ec63f562b94335c22"},
    {file = "pymongo-3.11.2-cp36-cp36m-manylinux1_i686.whl", hash = "sha256:82f6e42ba40440a7e0a20bfe12465a3b62d65966a4c7ad1a21b36ffff88de6fe"},
    {file = "pymongo-3.11.2-cp36-cp36m-manylinux1_x86_64.whl", hash = "sha256:5ad7b96c27acd7e256b33f47cf3d23bd7dd902f9c033ae43f32ffcbc37bebafd"},
    {file = "pymongo-3.11.2-cp36-cp36m-manylinux2014_aarch64.whl", hash = "sha256:45728e6aae3023afb5b2829586d1d2bfd9f0d71cfd7d3c924b71a5e9aef617a8"},
    {file = "pymongo-3.11.2-cp36-cp36m-manylinux2014_i686.whl", hash = "sha256:ce9964c117cbe5cf6269f30a2b334d28675956e988b7dbd0b4f7370924afda2e"},
    {file = "pymongo-3.11.2-cp36-cp36m-manylinux2014_ppc64le.whl", hash = "sha256:1222025db539641071a1b67f6950f65a6342a39db5b454bf306abd6954f1ad8a"},
    {file = "pymongo-3.11.2-cp36-cp36m-manylinux2014_s390x.whl", hash = "sha256:fc4946acb6cdada08f60aca103b61334995523da65be5fe816ea8571c9967d46"},
    {file = "pymongo-3.11.2-cp36-cp36m-manylinux2014_x86_64.whl", hash = "sha256:76579fcf77052b39796fe4a11818d1289dd48cffe15951b3403288fa163c29f6"},
    {file = "pymongo-3.11.2-cp36-cp36m-win32.whl", hash = "sha256:d6f82e86896a8db70e8ae8fa4b7556a0f188f1d8a6c53b2ba229889d55a59308"},
    {file = "pymongo-3.11.2-cp36-cp36m-win_amd64.whl", hash = "sha256:082832a59da18efab4d9148cca396451bac99da9757f31767f706e828b5b8500"},
    {file = "pymongo-3.11.2-cp37-cp37m-macosx_10_6_intel.whl", hash = "sha256:3646c2286d889618d43e01d9810ac1fc17709d2b4dec61366df5edc8ba228b3e"},
    {file = "pymongo-3.11.2-cp37-cp37m-manylinux1_i686.whl", hash = "sha256:3ec8f8e106a1476659d8c020228b45614daabdbdb6c6454a843a1d4f77d13339"},
    {file = "pymongo-3.11.2-cp37-cp37m-manylinux1_x86_64.whl", hash = "sha256:202ea1d4edc8a5439fc179802d807b49e7e563207fea5610779e56674ac770c6"},
    {file = "pymongo-3.11.2-cp37-cp37m-manylinux2014_aarch64.whl", hash = "sha256:b50af6701b4a5288b77fb4db44a363aa9485caf2c3e7a40c0373fd45e34440af"},
    {file = "pymongo-3.11.2-cp37-cp37m-manylinux2014_i686.whl", hash = "sha256:46792b71ab802d9caf1fc9d52e83399ef8e1a36e91eef4d827c06e36b8df2230"},
    {file = "pymongo-3.11.2-cp37-cp37m-manylinux2014_ppc64le.whl", hash = "sha256:21d7b48567a1c80f9266e0ab61c1218a31279d911da345679188733e354f81cc"},
    {file = "pymongo-3.11.2-cp37-cp37m-manylinux2014_s390x.whl", hash = "sha256:29a6840c2ac778010547cad5870f3db2e080ad7fad01197b07fff993c08692c8"},
    {file = "pymongo-3.11.2-cp37-cp37m-manylinux2014_x86_64.whl", hash = "sha256:6122470dfa61d4909b75c98012c1577404ba4ab860d0095e0c6980560cb3711f"},
    {file = "pymongo-3.11.2-cp37-cp37m-win32.whl", hash = "sha256:047cc2007b280672ddfdf2e7b862aad8d898f481f65bbc9067bfa4e420a019a9"},
    {file = "pymongo-3.11.2-cp37-cp37m-win_amd64.whl", hash = "sha256:1580fad512c678b720784e5c9018621b1b3bd37fb5b1633e874738862d6435c7"},
    {file = "pymongo-3.11.2-cp38-cp38-macosx_10_9_x86_64.whl", hash = "sha256:7e69fa025a1db189443428f345fea5555d16413df6addc056e17bb8c9794b006"},
    {file = "pymongo-3.11.2-cp38-cp38-manylinux1_i686.whl", hash = "sha256:813db97e9955b6b1b50b5cebd18cb148580603bb9b067ea4c5cc656b333bc906"},
    {file = "pymongo-3.11.2-cp38-cp38-manylinux1_x86_64.whl", hash = "sha256:523804bd8fcb5255508052b50073a27c701b90a73ea46e29be46dad5fe01bde6"},
    {file = "pymongo-3.11.2-cp38-cp38-manylinux2014_aarch64.whl", hash = "sha256:fa741e9c805567239f845c7e9a016aff797f9bb02ff9bc8ccd2fbd9eafefedd4"},
    {file = "pymongo-3.11.2-cp38-cp38-manylinux2014_i686.whl", hash = "sha256:b95d2c2829b5956bf54d9a22ffec911dea75abf0f0f7e0a8a57423434bfbde91"},
    {file = "pymongo-3.11.2-cp38-cp38-manylinux2014_ppc64le.whl", hash = "sha256:6e7a6057481a644970e43475292e1c0af095ca39a20fe83781196bd6e6690a38"},
    {file = "pymongo-3.11.2-cp38-cp38-manylinux2014_s390x.whl", hash = "sha256:540dafd6f4a0590fc966465c726b80fa7c0804490c39786ef29236fe68c94401"},
    {file = "pymongo-3.11.2-cp38-cp38-manylinux2014_x86_64.whl", hash = "sha256:d9d3ae537f61011191b2fd6f8527b9f9f8a848b37d4c85a0f7bb28004c42b546"},
    {file = "pymongo-3.11.2-cp38-cp38-win32.whl", hash = "sha256:047c325c4a96e7be7d11acf58639bcf71a81ca212d9c6590e3369bc28678647a"},
    {file = "pymongo-3.11.2-cp38-cp38-win_amd64.whl", hash = "sha256:b4294ddf76452459433ecfa6a93258608b5e462c76ef15e4695ed5e2762f009f"},
    {file = "pymongo-3.11.2-cp39-cp39-macosx_10_9_x86_64.whl", hash = "sha256:061d59f525831c4051af0b6dbafa62b0b8b168d4ef5b6e3c46d0811b8499d100"},
    {file = "pymongo-3.11.2-cp39-cp39-manylinux1_i686.whl", hash = "sha256:ed98683d8f01f1c46ef2d02469e04e9a8fe9a73a9741a4e6e66677a73b59bec8"},
    {file = "pymongo-3.11.2-cp39-cp39-manylinux1_x86_64.whl", hash = "sha256:7f0c507e1f108790840d6c4b594019ebf595025c324c9f7e9c9b2b15b41f884e"},
    {file = "pymongo-3.11.2-cp39-cp39-manylinux2014_aarch64.whl", hash = "sha256:9d19843568df9d263dc92ae4cc2279879add8a26996473f9155590cac635b321"},
    {file = "pymongo-3.11.2-cp39-cp39-manylinux2014_i686.whl", hash = "sha256:6175fd105da74a09adb38f93be96e1f64873294c906e5e722cbbc5bd10c44e3b"},
    {file = "pymongo-3.11.2-cp39-cp39-manylinux2014_ppc64le.whl", hash = "sha256:944ed467feb949e103555863fa934fb84216a096b0004ca364d3ddf9d18e2b9e"},
    {file = "pymongo-3.11.2-cp39-cp39-manylinux2014_s390x.whl", hash = "sha256:4be4fe9d18523da98deeb0b554ac76e1dc1562ee879d62572b34dda8593efcc1"},
    {file = "pymongo-3.11.2-cp39-cp39-manylinux2014_x86_64.whl", hash = "sha256:270a1f6a331eac3a393090af06df68297cb31a8b2df0bdcbd97dc613c5758e78"},
    {file = "pymongo-3.11.2-cp39-cp39-win32.whl", hash = "sha256:e565d1e4388765c135052717f15f9e0314f9d172062444c6b3fc0002e93ed04b"},
    {file = "pymongo-3.11.2-cp39-cp39-win_amd64.whl", hash = "sha256:0a53a751d977ad02f1bd22ddb6288bb4816c4758f44a50225462aeeae9cbf6a0"},
    {file = "pymongo-3.11.2-py2.7-macosx-10.14-intel.egg", hash = "sha256:c1d1992bbdf363b22b5a9543ab7d7c6f27a1498826d50d91319b803ddcf1142e"},
    {file = "pymongo-3.11.2.tar.gz", hash = "sha256:c2b67881392a9e85aa108e75f62cdbe372d5a3f17ea5f8d3436dcf4662052f14"},
]
pyparsing = [
    {file = "pyparsing-2.4.7-py2.py3-none-any.whl", hash = "sha256:ef9d7589ef3c200abe66653d3f1ab1033c3c419ae9b9bdb1240a85b024efc88b"},
    {file = "pyparsing-2.4.7.tar.gz", hash = "sha256:c203ec8783bf771a155b207279b9bccb8dea02d8f0c9e5f8ead507bc3246ecc1"},
]
pytest = [
    {file = "pytest-6.1.1-py3-none-any.whl", hash = "sha256:7a8190790c17d79a11f847fba0b004ee9a8122582ebff4729a082c109e81a4c9"},
    {file = "pytest-6.1.1.tar.gz", hash = "sha256:8f593023c1a0f916110285b6efd7f99db07d59546e3d8c36fc60e2ab05d3be92"},
]
six = [
    {file = "six-1.15.0-py2.py3-none-any.whl", hash = "sha256:8b74bedcbbbaca38ff6d7491d76f2b06b3592611af620f8426e82dddb04a5ced"},
    {file = "six-1.15.0.tar.gz", hash = "sha256:30639c035cdb23534cd4aa2dd52c3bf48f06e5f4a941509c8bafd8ce11080259"},
]
starlette = [
    {file = "starlette-0.13.6-py3-none-any.whl", hash = "sha256:bd2ffe5e37fb75d014728511f8e68ebf2c80b0fa3d04ca1479f4dc752ae31ac9"},
    {file = "starlette-0.13.6.tar.gz", hash = "sha256:ebe8ee08d9be96a3c9f31b2cb2a24dbdf845247b745664bd8a3f9bd0c977fdbc"},
]
toml = [
    {file = "toml-0.10.1-py2.py3-none-any.whl", hash = "sha256:bda89d5935c2eac546d648028b9901107a595863cb36bae0c73ac804a9b4ce88"},
    {file = "toml-0.10.1.tar.gz", hash = "sha256:926b612be1e5ce0634a2ca03470f95169cf16f939018233a670519cb4ac58b0f"},
]
uvicorn = [
    {file = "uvicorn-0.12.2-py3-none-any.whl", hash = "sha256:e5dbed4a8a44c7b04376021021d63798d6a7bcfae9c654a0b153577b93854fba"},
    {file = "uvicorn-0.12.2.tar.gz", hash = "sha256:8ff7495c74b8286a341526ff9efa3988ebab9a4b2f561c7438c3cb420992d7dd"},
]
